
Microsoft Visual Studio Solution File, Format Version 12.00
# Visual Studio 15
VisualStudioVersion = 15.0.28306.52
MinimumVisualStudioVersion = 10.0.40219.1
Project("{FAE04EC0-301F-11D3-BF4B-00C04F79EFBC}") = "UI.Dos", "UI.Dos\UI.Dos.csproj", "{50F723AF-AF08-47EE-B565-5BD7864D23ED}"
EndProject
Project("{FAE04EC0-301F-11D3-BF4B-00C04F79EFBC}") = "RegulaGasto.Repositorio", "RegulaGasto.Repositorio\RegulaGasto.Repositorio.csproj", "{1662BA76-504C-4345-B911-C8D9F955A8F0}"
EndProject
Project("{FAE04EC0-301F-11D3-BF4B-00C04F79EFBC}") = "RegulaGasto.Dominio", "RegulaGasto.Dominio\RegulaGasto.Dominio.csproj", "{E37703E1-6B3A-421E-A0BD-9E4476456D0D}"
EndProject
Project("{FAE04EC0-301F-11D3-BF4B-00C04F79EFBC}") = "RegulaGasto.Aplicacao", "RegulaGasto.Aplicacao\RegulaGasto.Aplicacao.csproj", "{5F6C3BF1-1596-429B-9ACC-C29A6E076EA5}"
EndProject
Project("{FAE04EC0-301F-11D3-BF4B-00C04F79EFBC}") = "RegulaGasto.UI.Web", "RegulaGasto.UI.Web\RegulaGasto.UI.Web.csproj", "{53AB43B5-37FC-4E48-9F77-9D8AC50A9821}"
EndProject
Global
	GlobalSection(SolutionConfigurationPlatforms) = preSolution
		Debug|Any CPU = Debug|Any CPU
		Release|Any CPU = Release|Any CPU
	EndGlobalSection
	GlobalSection(ProjectConfigurationPlatforms) = postSolution
		{50F723AF-AF08-47EE-B565-5BD7864D23ED}.Debug|Any CPU.ActiveCfg = Debug|Any CPU
		{50F723AF-AF08-47EE-B565-5BD7864D23ED}.Debug|Any CPU.Build.0 = Debug|Any CPU
		{50F723AF-AF08-47EE-B565-5BD7864D23ED}.Release|Any CPU.ActiveCfg = Release|Any CPU
		{50F723AF-AF08-47EE-B565-5BD7864D23ED}.Release|Any CPU.Build.0 = Release|Any CPU
		{1662BA76-504C-4345-B911-C8D9F955A8F0}.Debug|Any CPU.ActiveCfg = Debug|Any CPU
		{1662BA76-504C-4345-B911-C8D9F955A8F0}.Debug|Any CPU.Build.0 = Debug|Any CPU
		{1662BA76-504C-4345-B911-C8D9F955A8F0}.Release|Any CPU.ActiveCfg = Release|Any CPU
		{1662BA76-504C-4345-B911-C8D9F955A8F0}.Release|Any CPU.Build.0 = Release|Any CPU
		{E37703E1-6B3A-421E-A0BD-9E4476456D0D}.Debug|Any CPU.ActiveCfg = Debug|Any CPU
		{E37703E1-6B3A-421E-A0BD-9E4476456D0D}.Debug|Any CPU.Build.0 = Debug|Any CPU
		{E37703E1-6B3A-421E-A0BD-9E4476456D0D}.Release|Any CPU.ActiveCfg = Release|Any CPU
		{E37703E1-6B3A-421E-A0BD-9E4476456D0D}.Release|Any CPU.Build.0 = Release|Any CPU
		{5F6C3BF1-1596-429B-9ACC-C29A6E076EA5}.Debug|Any CPU.ActiveCfg = Debug|Any CPU
		{5F6C3BF1-1596-429B-9ACC-C29A6E076EA5}.Debug|Any CPU.Build.0 = Debug|Any CPU
		{5F6C3BF1-1596-429B-9ACC-C29A6E076EA5}.Release|Any CPU.ActiveCfg = Release|Any CPU
		{5F6C3BF1-1596-429B-9ACC-C29A6E076EA5}.Release|Any CPU.Build.0 = Release|Any CPU
		{53AB43B5-37FC-4E48-9F77-9D8AC50A9821}.Debug|Any CPU.ActiveCfg = Debug|Any CPU
		{53AB43B5-37FC-4E48-9F77-9D8AC50A9821}.Debug|Any CPU.Build.0 = Debug|Any CPU
		{53AB43B5-37FC-4E48-9F77-9D8AC50A9821}.Release|Any CPU.ActiveCfg = Release|Any CPU
		{53AB43B5-37FC-4E48-9F77-9D8AC50A9821}.Release|Any CPU.Build.0 = Release|Any CPU
	EndGlobalSection
	GlobalSection(SolutionProperties) = preSolution
		HideSolutionNode = FALSE
	EndGlobalSection
	GlobalSection(ExtensibilityGlobals) = postSolution
		SolutionGuid = {73608ABD-FD6A-47DF-974B-7B8924DA8E4C}
	EndGlobalSection
EndGlobal
